// !$*UTF8*$!
{
	archiveVersion = 1;
	classes = {
	};
	objectVersion = 56;
	objects = {

/* Begin PBXBuildFile section */
		558954A128DFFE5C007F3762 /* AppDelegate.swift in Sources */ = {isa = PBXBuildFile; fileRef = 558954A028DFFE5C007F3762 /* AppDelegate.swift */; };
		558954A328DFFE5C007F3762 /* SceneDelegate.swift in Sources */ = {isa = PBXBuildFile; fileRef = 558954A228DFFE5C007F3762 /* SceneDelegate.swift */; };
		558954A528DFFE5C007F3762 /* ViewController.swift in Sources */ = {isa = PBXBuildFile; fileRef = 558954A428DFFE5C007F3762 /* ViewController.swift */; };
		558954A828DFFE5C007F3762 /* Main.storyboard in Resources */ = {isa = PBXBuildFile; fileRef = 558954A628DFFE5C007F3762 /* Main.storyboard */; };
		558954AA28DFFE5E007F3762 /* Assets.xcassets in Resources */ = {isa = PBXBuildFile; fileRef = 558954A928DFFE5E007F3762 /* Assets.xcassets */; };
		558954AD28DFFE5E007F3762 /* LaunchScreen.storyboard in Resources */ = {isa = PBXBuildFile; fileRef = 558954AB28DFFE5E007F3762 /* LaunchScreen.storyboard */; };
		558954B528E0C291007F3762 /* Calculator-App-12.png in Resources */ = {isa = PBXBuildFile; fileRef = 558954B428E0C291007F3762 /* Calculator-App-12.png */; };
/* End PBXBuildFile section */

/* Begin PBXFileReference section */
		5589549D28DFFE5C007F3762 /* MAPD714-F2022-Week3.app */ = {isa = PBXFileReference; explicitFileType = wrapper.application; includeInIndex = 0; path = "MAPD714-F2022-Week3.app"; sourceTree = BUILT_PRODUCTS_DIR; };
		558954A028DFFE5C007F3762 /* AppDelegate.swift */ = {isa = PBXFileReference; lastKnownFileType = sourcecode.swift; path = AppDelegate.swift; sourceTree = "<group>"; };
		558954A228DFFE5C007F3762 /* SceneDelegate.swift */ = {isa = PBXFileReference; lastKnownFileType = sourcecode.swift; path = SceneDelegate.swift; sourceTree = "<group>"; };
		558954A428DFFE5C007F3762 /* ViewController.swift */ = {isa = PBXFileReference; lastKnownFileType = sourcecode.swift; path = ViewController.swift; sourceTree = "<group>"; };
		558954A728DFFE5C007F3762 /* Base */ = {isa = PBXFileReference; lastKnownFileType = file.storyboard; name = Base; path = Base.lproj/Main.storyboard; sourceTree = "<group>"; };
		558954A928DFFE5E007F3762 /* Assets.xcassets */ = {isa = PBXFileReference; lastKnownFileType = folder.assetcatalog; path = Assets.xcassets; sourceTree = "<group>"; };
		558954AC28DFFE5E007F3762 /* Base */ = {isa = PBXFileReference; lastKnownFileType = file.storyboard; name = Base; path = Base.lproj/LaunchScreen.storyboard; sourceTree = "<group>"; };
		558954AE28DFFE5E007F3762 /* Info.plist */ = {isa = PBXFileReference; lastKnownFileType = text.plist.xml; path = Info.plist; sourceTree = "<group>"; };
		558954B428E0C291007F3762 /* Calculator-App-12.png */ = {isa = PBXFileReference; lastKnownFileType = image.png; path = "Calculator-App-12.png"; sourceTree = "<group>"; };
/* End PBXFileReference section */

/* Begin PBXFrameworksBuildPhase section */
		5589549A28DFFE5C007F3762 /* Frameworks */ = {
			isa = PBXFrameworksBuildPhase;
			buildActionMask = 2147483647;
			files = (
			);
			runOnlyForDeploymentPostprocessing = 0;
		};
/* End PBXFrameworksBuildPhase section */

/* Begin PBXGroup section */
		5589549428DFFE5C007F3762 = {
			isa = PBXGroup;
			children = (
				5589549F28DFFE5C007F3762 /* MAPD714-F2022-Week3 */,
				5589549E28DFFE5C007F3762 /* Products */,
			);
			sourceTree = "<group>";
		};
		5589549E28DFFE5C007F3762 /* Products */ = {
			isa = PBXGroup;
			children = (
				5589549D28DFFE5C007F3762 /* MAPD714-F2022-Week3.app */,
			);
			name = Products;
			sourceTree = "<group>";
		};
		5589549F28DFFE5C007F3762 /* MAPD714-F2022-Week3 */ = {
			isa = PBXGroup;
			children = (
				558954A028DFFE5C007F3762 /* AppDelegate.swift */,
				558954A228DFFE5C007F3762 /* SceneDelegate.swift */,
				558954A428DFFE5C007F3762 /* ViewController.swift */,
				558954B428E0C291007F3762 /* Calculator-App-12.png */,
				558954A628DFFE5C007F3762 /* Main.storyboard */,
				558954A928DFFE5E007F3762 /* Assets.xcassets */,
				558954AB28DFFE5E007F3762 /* LaunchScreen.storyboard */,
				558954AE28DFFE5E007F3762 /* Info.plist */,
			);
			path = "MAPD714-F2022-Week3";
			sourceTree = "<group>";
		};
/* End PBXGroup section */

/* Begin PBXNativeTarget section */
		5589549C28DFFE5C007F3762 /* MAPD714-F2022-Week3 */ = {
			isa = PBXNativeTarget;
			buildConfigurationList = 558954B128DFFE5E007F3762 /* Build configuration list for PBXNativeTarget "MAPD714-F2022-Week3" */;
			buildPhases = (
				5589549928DFFE5C007F3762 /* Sources */,
				5589549A28DFFE5C007F3762 /* Frameworks */,
				5589549B28DFFE5C007F3762 /* Resources */,
			);
			buildRules = (
			);
			dependencies = (
			);
			name = "MAPD714-F2022-Week3";
			productName = "MAPD714-F2022-Week3";
			productReference = 5589549D28DFFE5C007F3762 /* MAPD714-F2022-Week3.app */;
			productType = "com.apple.product-type.application";
		};
/* End PBXNativeTarget section */

/* Begin PBXProject section */
		5589549528DFFE5C007F3762 /* Project object */ = {
			isa = PBXProject;
			attributes = {
				BuildIndependentTargetsInParallel = 1;
				LastSwiftUpdateCheck = 1400;
				LastUpgradeCheck = 1400;
				TargetAttributes = {
					5589549C28DFFE5C007F3762 = {
						CreatedOnToolsVersion = 14.0;
					};
				};
			};
			buildConfigurationList = 5589549828DFFE5C007F3762 /* Build configuration list for PBXProject "MAPD714-F2022-Week3" */;
			compatibilityVersion = "Xcode 14.0";
			developmentRegion = en;
			hasScannedForEncodings = 0;
			knownRegions = (
				en,
				Base,
			);
			mainGroup = 5589549428DFFE5C007F3762;
			productRefGroup = 5589549E28DFFE5C007F3762 /* Products */;
			projectDirPath = "";
			projectRoot = "";
			targets = (
				5589549C28DFFE5C007F3762 /* MAPD714-F2022-Week3 */,
			);
		};
/* End PBXProject section */

/* Begin PBXResourcesBuildPhase section */
		5589549B28DFFE5C007F3762 /* Resources */ = {
			isa = PBXResourcesBuildPhase;
			buildActionMask = 2147483647;
			files = (
				558954B528E0C291007F3762 /* Calculator-App-12.png in Resources */,
				558954AD28DFFE5E007F3762 /* LaunchScreen.storyboard in Resources */,
				558954AA28DFFE5E007F3762 /* Assets.xcassets in Resources */,
				558954A828DFFE5C007F3762 /* Main.storyboard in Resources */,
			);
			runOnlyForDeploymentPostprocessing = 0;
		};
/* End PBXResourcesBuildPhase section */

/* Begin PBXSourcesBuildPhase section */
		5589549928DFFE5C007F3762 /* Sources */ = {
			isa = PBXSourcesBuildPhase;
			buildActionMask = 2147483647;
			files = (
				558954A528DFFE5C007F3762 /* ViewController.swift in Sources */,
				558954A128DFFE5C007F3762 /* AppDelegate.swift in Sources */,
				558954A328DFFE5C007F3762 /* SceneDelegate.swift in Sources */,
			);
			runOnlyForDeploymentPostprocessing = 0;
		};
/* End PBXSourcesBuildPhase section */

/* Begin PBXVariantGroup section */
		558954A628DFFE5C007F3762 /* Main.storyboard */ = {
			isa = PBXVariantGroup;
			children = (
				558954A728DFFE5C007F3762 /* Base */,
			);
			name = Main.storyboard;
			sourceTree = "<group>";
		};
		558954AB28DFFE5E007F3762 /* LaunchScreen.storyboard */ = {
			isa = PBXVariantGroup;
			children = (
				558954AC28DFFE5E007F3762 /* Base */,
			);
			name = LaunchScreen.storyboard;
			sourceTree = "<group>";
		};
/* End PBXVariantGroup section */

/* Begin XCBuildConfiguration section */
		558954AF28DFFE5E007F3762 /* Debug */ = {
			isa = XCBuildConfiguration;
			buildSettings = {
				ALWAYS_SEARCH_USER_PATHS = NO;
				CLANG_ANALYZER_NONNULL = YES;
				CLANG_ANALYZER_NUMBER_OBJECT_CONVERSION = YES_AGGRESSIVE;
				CLANG_CXX_LANGUAGE_STANDARD = "gnu++20";
				CLANG_ENABLE_MODULES = YES;
				CLANG_ENABLE_OBJC_ARC = YES;
				CLANG_ENABLE_OBJC_WEAK = YES;
				CLANG_WARN_BLOCK_CAPTURE_AUTORELEASING = YES;
				CLANG_WARN_BOOL_CONVERSION = YES;
				CLANG_WARN_COMMA = YES;
				CLANG_WARN_CONSTANT_CONVERSION = YES;
				CLANG_WARN_DEPRECATED_OBJC_IMPLEMENTATIONS = YES;
				CLANG_WARN_DIRECT_OBJC_ISA_USAGE = YES_ERROR;
				CLANG_WARN_DOCUMENTATION_COMMENTS = YES;
				CLANG_WARN_EMPTY_BODY = YES;
				CLANG_WARN_ENUM_CONVERSION = YES;
				CLANG_WARN_INFINITE_RECURSION = YES;
				CLANG_WARN_INT_CONVERSION = YES;
				CLANG_WARN_NON_LITERAL_NULL_CONVERSION = YES;
				CLANG_WARN_OBJC_IMPLICIT_RETAIN_SELF = YES;
				CLANG_WARN_OBJC_LITERAL_CONVERSION = YES;
				CLANG_WARN_OBJC_ROOT_CLASS = YES_ERROR;
				CLANG_WARN_QUOTED_INCLUDE_IN_FRAMEWORK_HEADER = YES;
				CLANG_WARN_RANGE_LOOP_ANALYSIS = YES;
				CLANG_WARN_STRICT_PROTOTYPES = YES;
				CLANG_WARN_SUSPICIOUS_MOVE = YES;
				CLANG_WARN_UNGUARDED_AVAILABILITY = YES_AGGRESSIVE;
				CLANG_WARN_UNREACHABLE_CODE = YES;
				CLANG_WARN__DUPLICATE_METHOD_MATCH = YES;
				COPY_PHASE_STRIP = NO;
				DEBUG_INFORMATION_FORMAT = dwarf;
				ENABLE_STRICT_OBJC_MSGSEND = YES;
				ENABLE_TESTABILITY = YES;
				GCC_C_LANGUAGE_STANDARD = gnu11;
				GCC_DYNAMIC_NO_PIC = NO;
				GCC_NO_COMMON_BLOCKS = YES;
				GCC_OPTIMIZATION_LEVEL = 0;
				GCC_PREPROCESSOR_DEFINITIONS = (
					"DEBUG=1",
					"$(inherited)",
				);
				GCC_WARN_64_TO_32_BIT_CONVERSION = YES;
				GCC_WARN_ABOUT_RETURN_TYPE = YES_ERROR;
				GCC_WARN_UNDECLARED_SELECTOR = YES;
				GCC_WARN_UNINITIALIZED_AUTOS = YES_AGGRESSIVE;
				GCC_WARN_UNUSED_FUNCTION = YES;
				GCC_WARN_UNUSED_VARIABLE = YES;
				IPHONEOS_DEPLOYMENT_TARGET = 16.0;
				MTL_ENABLE_DEBUG_INFO = INCLUDE_SOURCE;
				MTL_FAST_MATH = YES;
				ONLY_ACTIVE_ARCH = YES;
				SDKROOT = iphoneos;
				SWIFT_ACTIVE_COMPILATION_CONDITIONS = DEBUG;
				SWIFT_OPTIMIZATION_LEVEL = "-Onone";
			};
			name = Debug;
		};
		558954B028DFFE5E007F3762 /* Release */ = {
			isa = XCBuildConfiguration;
			buildSettings = {
				ALWAYS_SEARCH_USER_PATHS = NO;
				CLANG_ANALYZER_NONNULL = YES;
				CLANG_ANALYZER_NUMBER_OBJECT_CONVERSION = YES_AGGRESSIVE;
				CLANG_CXX_LANGUAGE_STANDARD = "gnu++20";
				CLANG_ENABLE_MODULES = YES;
				CLANG_ENABLE_OBJC_ARC = YES;
				CLANG_ENABLE_OBJC_WEAK = YES;
				CLANG_WARN_BLOCK_CAPTURE_AUTORELEASING = YES;
				CLANG_WARN_BOOL_CONVERSION = YES;
				CLANG_WARN_COMMA = YES;
				CLANG_WARN_CONSTANT_CONVERSION = YES;
				CLANG_WARN_DEPRECATED_OBJC_IMPLEMENTATIONS = YES;
				CLANG_WARN_DIRECT_OBJC_ISA_USAGE = YES_ERROR;
				CLANG_WARN_DOCUMENTATION_COMMENTS = YES;
				CLANG_WARN_EMPTY_BODY = YES;
				CLANG_WARN_ENUM_CONVERSION = YES;
				CLANG_WARN_INFINITE_RECURSION = YES;
				CLANG_WARN_INT_CONVERSION = YES;
				CLANG_WARN_NON_LITERAL_NULL_CONVERSION = YES;
				CLANG_WARN_OBJC_IMPLICIT_RETAIN_SELF = YES;
				CLANG_WARN_OBJC_LITERAL_CONVERSION = YES;
				CLANG_WARN_OBJC_ROOT_CLASS = YES_ERROR;
				CLANG_WARN_QUOTED_INCLUDE_IN_FRAMEWORK_HEADER = YES;
				CLANG_WARN_RANGE_LOOP_ANALYSIS = YES;
				CLANG_WARN_STRICT_PROTOTYPES = YES;
				CLANG_WARN_SUSPICIOUS_MOVE = YES;
				CLANG_WARN_UNGUARDED_AVAILABILITY = YES_AGGRESSIVE;
				CLANG_WARN_UNREACHABLE_CODE = YES;
				CLANG_WARN__DUPLICATE_METHOD_MATCH = YES;
				COPY_PHASE_STRIP = NO;
				DEBUG_INFORMATION_FORMAT = "dwarf-with-dsym";
				ENABLE_NS_ASSERTIONS = NO;
				ENABLE_STRICT_OBJC_MSGSEND = YES;
				GCC_C_LANGUAGE_STANDARD = gnu11;
				GCC_NO_COMMON_BLOCKS = YES;
				GCC_WARN_64_TO_32_BIT_CONVERSION = YES;
				GCC_WARN_ABOUT_RETURN_TYPE = YES_ERROR;
				GCC_WARN_UNDECLARED_SELECTOR = YES;
				GCC_WARN_UNINITIALIZED_AUTOS = YES_AGGRESSIVE;
				GCC_WARN_UNUSED_FUNCTION = YES;
				GCC_WARN_UNUSED_VARIABLE = YES;
				IPHONEOS_DEPLOYMENT_TARGET = 16.0;
				MTL_ENABLE_DEBUG_INFO = NO;
				MTL_FAST_MATH = YES;
				SDKROOT = iphoneos;
				SWIFT_COMPILATION_MODE = wholemodule;
				SWIFT_OPTIMIZATION_LEVEL = "-O";
				VALIDATE_PRODUCT = YES;
			};
			name = Release;
		};
		558954B228DFFE5E007F3762 /* Debug */ = {
			isa = XCBuildConfiguration;
			buildSettings = {
				ASSETCATALOG_COMPILER_APPICON_NAME = AppIcon;
				ASSETCATALOG_COMPILER_GLOBAL_ACCENT_COLOR_NAME = AccentColor;
				CODE_SIGN_STYLE = Automatic;
				CURRENT_PROJECT_VERSION = 1;
				DEVELOPMENT_TEAM = Z8J9NPL68D;
				GENERATE_INFOPLIST_FILE = YES;
				INFOPLIST_FILE = "MAPD714-F2022-Week3/Info.plist";
				INFOPLIST_KEY_UIApplicationSupportsIndirectInputEvents = YES;
				INFOPLIST_KEY_UILaunchStoryboardName = LaunchScreen;
				INFOPLIST_KEY_UIMainStoryboardFile = Main;
				INFOPLIST_KEY_UISupportedInterfaceOrientations_iPad = "UIInterfaceOrientationPortrait UIInterfaceOrientationPortraitUpsideDown UIInterfaceOrientationLandscapeLeft UIInterfaceOrientationLandscapeRight";
				INFOPLIST_KEY_UISupportedInterfaceOrientations_iPhone = "UIInterfaceOrientationPortrait UIInterfaceOrientationLandscapeLeft UIInterfaceOrientationLandscapeRight";
				LD_RUNPATH_SEARCH_PATHS = (
					"$(inherited)",
					"@executable_path/Frameworks",
				);
				MARKETING_VERSION = 1.0;
				PRODUCT_BUNDLE_IDENTIFIER = "ca.centennialcollege.MAPD714-F2022-Week3";
				PRODUCT_NAME = "$(TARGET_NAME)";
				SWIFT_EMIT_LOC_STRINGS = YES;
				SWIFT_VERSION = 5.0;
				TARGETED_DEVICE_FAMILY = "1,2";
			};
			name = Debug;
		};
		558954B328DFFE5E007F3762 /* Release */ = {
			isa = XCBuildConfiguration;
			buildSettings = {
				ASSETCATALOG_COMPILER_APPICON_NAME = AppIcon;
				ASSETCATALOG_COMPILER_GLOBAL_ACCENT_COLOR_NAME = AccentColor;
				CODE_SIGN_STYLE = Automatic;
				CURRENT_PROJECT_VERSION = 1;
				DEVELOPMENT_TEAM = Z8J9NPL68D;
				GENERATE_INFOPLIST_FILE = YES;
				INFOPLIST_FILE = "MAPD714-F2022-Week3/Info.plist";
				INFOPLIST_KEY_UIApplicationSupportsIndirectInputEvents = YES;
				INFOPLIST_KEY_UILaunchStoryboardName = LaunchScreen;
				INFOPLIST_KEY_UIMainStoryboardFile = Main;
				INFOPLIST_KEY_UISupportedInterfaceOrientations_iPad = "UIInterfaceOrientationPortrait UIInterfaceOrientationPortraitUpsideDown UIInterfaceOrientationLandscapeLeft UIInterfaceOrientationLandscapeRight";
				INFOPLIST_KEY_UISupportedInterfaceOrientations_iPhone = "UIInterfaceOrientationPortrait UIInterfaceOrientationLandscapeLeft UIInterfaceOrientationLandscapeRight";
				LD_RUNPATH_SEARCH_PATHS = (
					"$(inherited)",
					"@executable_path/Frameworks",
				);
				MARKETING_VERSION = 1.0;
				PRODUCT_BUNDLE_IDENTIFIER = "ca.centennialcollege.MAPD714-F2022-Week3";
				PRODUCT_NAME = "$(TARGET_NAME)";
				SWIFT_EMIT_LOC_STRINGS = YES;
				SWIFT_VERSION = 5.0;
				TARGETED_DEVICE_FAMILY = "1,2";
			};
			name = Release;
		};
/* End XCBuildConfiguration section */

/* Begin XCConfigurationList section */
		5589549828DFFE5C007F3762 /* Build configuration list for PBXProject "MAPD714-F2022-Week3" */ = {
			isa = XCConfigurationList;
			buildConfigurations = (
				558954AF28DFFE5E007F3762 /* Debug */,
				558954B028DFFE5E007F3762 /* Release */,
			);
			defaultConfigurationIsVisible = 0;
			defaultConfigurationName = Release;
		};
		558954B128DFFE5E007F3762 /* Build configuration list for PBXNativeTarget "MAPD714-F2022-Week3" */ = {
			isa = XCConfigurationList;
			buildConfigurations = (
				558954B228DFFE5E007F3762 /* Debug */,
				558954B328DFFE5E007F3762 /* Release */,
			);
			defaultConfigurationIsVisible = 0;
			defaultConfigurationName = Release;
		};
/* End XCConfigurationList section */
	};
	rootObject = 5589549528DFFE5C007F3762 /* Project object */;
}
